
Microsoft Visual Studio Solution File, Format Version 12.00
# Visual Studio Version 16
VisualStudioVersion = 16.0.31624.102
MinimumVisualStudioVersion = 10.0.40219.1
Project("{FAE04EC0-301F-11D3-BF4B-00C04F79EFBC}") = "AcademyF.Week8.Esercitazione1.MVC", "AcademyF.Week8.Esercitazione1.MVC\AcademyF.Week8.Esercitazione1.MVC.csproj", "{ACA30931-6934-45EA-AC5A-01F823EBEB1A}"
EndProject
Project("{FAE04EC0-301F-11D3-BF4B-00C04F79EFBC}") = "AcademyF.Week8.Esercitazione1.Core", "AcademyF.Week8.Esercitazione1.Core\AcademyF.Week8.Esercitazione1.Core.csproj", "{ABE2E3B5-E387-40BD-B811-A1BBDE351763}"
EndProject
Project("{FAE04EC0-301F-11D3-BF4B-00C04F79EFBC}") = "AcademyF.Week8.Esercitazione1.Core.EF", "AcademyF.Week8.Esercitazione1.Core.EF\AcademyF.Week8.Esercitazione1.Core.EF.csproj", "{4CA19487-B6F5-484A-A925-5CEF1ACF7F25}"
EndProject
Global
	GlobalSection(SolutionConfigurationPlatforms) = preSolution
		Debug|Any CPU = Debug|Any CPU
		Release|Any CPU = Release|Any CPU
	EndGlobalSection
	GlobalSection(ProjectConfigurationPlatforms) = postSolution
		{ACA30931-6934-45EA-AC5A-01F823EBEB1A}.Debug|Any CPU.ActiveCfg = Debug|Any CPU
		{ACA30931-6934-45EA-AC5A-01F823EBEB1A}.Debug|Any CPU.Build.0 = Debug|Any CPU
		{ACA30931-6934-45EA-AC5A-01F823EBEB1A}.Release|Any CPU.ActiveCfg = Release|Any CPU
		{ACA30931-6934-45EA-AC5A-01F823EBEB1A}.Release|Any CPU.Build.0 = Release|Any CPU
		{ABE2E3B5-E387-40BD-B811-A1BBDE351763}.Debug|Any CPU.ActiveCfg = Debug|Any CPU
		{ABE2E3B5-E387-40BD-B811-A1BBDE351763}.Debug|Any CPU.Build.0 = Debug|Any CPU
		{ABE2E3B5-E387-40BD-B811-A1BBDE351763}.Release|Any CPU.ActiveCfg = Release|Any CPU
		{ABE2E3B5-E387-40BD-B811-A1BBDE351763}.Release|Any CPU.Build.0 = Release|Any CPU
		{4CA19487-B6F5-484A-A925-5CEF1ACF7F25}.Debug|Any CPU.ActiveCfg = Debug|Any CPU
		{4CA19487-B6F5-484A-A925-5CEF1ACF7F25}.Debug|Any CPU.Build.0 = Debug|Any CPU
		{4CA19487-B6F5-484A-A925-5CEF1ACF7F25}.Release|Any CPU.ActiveCfg = Release|Any CPU
		{4CA19487-B6F5-484A-A925-5CEF1ACF7F25}.Release|Any CPU.Build.0 = Release|Any CPU
	EndGlobalSection
	GlobalSection(SolutionProperties) = preSolution
		HideSolutionNode = FALSE
	EndGlobalSection
	GlobalSection(ExtensibilityGlobals) = postSolution
		SolutionGuid = {4A9CC3C2-7379-4B35-B8CC-E12709152EAE}
	EndGlobalSection
EndGlobal
